
Microsoft Visual Studio Solution File, Format Version 12.00
# Visual Studio 15
VisualStudioVersion = 15.0.27703.2042
MinimumVisualStudioVersion = 10.0.40219.1
Project("{FAE04EC0-301F-11D3-BF4B-00C04F79EFBC}") = "Hotels", "Hotels\Hotels.csproj", "{AD9873CA-BB1C-4356-9768-607F79156B10}"
EndProject
Project("{FAE04EC0-301F-11D3-BF4B-00C04F79EFBC}") = "Client", "Client\Client.csproj", "{C7E5792C-72D5-434C-8C33-EC01FA9467EA}"
	ProjectSection(ProjectDependencies) = postProject
		{AD9873CA-BB1C-4356-9768-607F79156B10} = {AD9873CA-BB1C-4356-9768-607F79156B10}
	EndProjectSection
EndProject
Global
	GlobalSection(SolutionConfigurationPlatforms) = preSolution
		Debug|Any CPU = Debug|Any CPU
		Release|Any CPU = Release|Any CPU
	EndGlobalSection
	GlobalSection(ProjectConfigurationPlatforms) = postSolution
		{AD9873CA-BB1C-4356-9768-607F79156B10}.Debug|Any CPU.ActiveCfg = Debug|Any CPU
		{AD9873CA-BB1C-4356-9768-607F79156B10}.Debug|Any CPU.Build.0 = Debug|Any CPU
		{AD9873CA-BB1C-4356-9768-607F79156B10}.Release|Any CPU.ActiveCfg = Release|Any CPU
		{AD9873CA-BB1C-4356-9768-607F79156B10}.Release|Any CPU.Build.0 = Release|Any CPU
		{C7E5792C-72D5-434C-8C33-EC01FA9467EA}.Debug|Any CPU.ActiveCfg = Debug|Any CPU
		{C7E5792C-72D5-434C-8C33-EC01FA9467EA}.Debug|Any CPU.Build.0 = Debug|Any CPU
		{C7E5792C-72D5-434C-8C33-EC01FA9467EA}.Release|Any CPU.ActiveCfg = Release|Any CPU
		{C7E5792C-72D5-434C-8C33-EC01FA9467EA}.Release|Any CPU.Build.0 = Release|Any CPU
	EndGlobalSection
	GlobalSection(SolutionProperties) = preSolution
		HideSolutionNode = FALSE
	EndGlobalSection
	GlobalSection(ExtensibilityGlobals) = postSolution
		SolutionGuid = {0EB5C2E3-495E-49BD-9255-B80498E8645C}
	EndGlobalSection
EndGlobal
